{
  "name": "polr-mobile",
  "version": "0.1.0",
  "lockfileVersion": 1,
  "dependencies": {
    "cordova-plugin-crosswalk-webview": {
      "version": "2.3.0",
      "resolved": "https://registry.npmjs.org/cordova-plugin-crosswalk-webview/-/cordova-plugin-crosswalk-webview-2.3.0.tgz",
      "integrity": "sha1-4u407P2t3YS9qE5yZjU55AyZ0yQ="
    }
  }
}
